
Microsoft Visual Studio Solution File, Format Version 12.00
# Visual Studio Version 17
VisualStudioVersion = 17.11.35431.28
MinimumVisualStudioVersion = 10.0.40219.1
Project("{9A19103F-16F7-4668-BE54-9A1E7A4F7556}") = "Aml.Engine.DomainModel.Tutorial", "src\Aml.Engine.DomainModel.Tutorial.csproj", "{210DFE3C-F6D9-450F-85CE-6955E9296DC5}"
EndProject
Global
	GlobalSection(SolutionConfigurationPlatforms) = preSolution
		Debug|Any CPU = Debug|Any CPU
		Release|Any CPU = Release|Any CPU
	EndGlobalSection
	GlobalSection(ProjectConfigurationPlatforms) = postSolution
		{210DFE3C-F6D9-450F-85CE-6955E9296DC5}.Debug|Any CPU.ActiveCfg = Debug|Any CPU
		{210DFE3C-F6D9-450F-85CE-6955E9296DC5}.Debug|Any CPU.Build.0 = Debug|Any CPU
		{210DFE3C-F6D9-450F-85CE-6955E9296DC5}.Release|Any CPU.ActiveCfg = Release|Any CPU
		{210DFE3C-F6D9-450F-85CE-6955E9296DC5}.Release|Any CPU.Build.0 = Release|Any CPU
	EndGlobalSection
	GlobalSection(SolutionProperties) = preSolution
		HideSolutionNode = FALSE
	EndGlobalSection
	GlobalSection(ExtensibilityGlobals) = postSolution
		SolutionGuid = {F931468A-2B8A-4D18-8D0E-15F564C842FD}
	EndGlobalSection
EndGlobal
